// !$*UTF8*$!
{
	archiveVersion = 1;
	classes = {
	};
	objectVersion = 77;
	objects = {

/* Begin PBXBuildFile section */
		49E37CFC2EE6092E00B1BF1D /* RIMOZIONE_MOCK_COMPLETATA.md in Resources */ = {isa = PBXBuildFile; fileRef = 49E37CFB2EE6092E00B1BF1D /* RIMOZIONE_MOCK_COMPLETATA.md */; };
/* End PBXBuildFile section */

/* Begin PBXContainerItemProxy section */
		4963D77F2E4FAB1F00C3E6C5 /* PBXContainerItemProxy */ = {
			isa = PBXContainerItemProxy;
			containerPortal = 4963D7692E4FAB1D00C3E6C5 /* Project object */;
			proxyType = 1;
			remoteGlobalIDString = 4963D7702E4FAB1D00C3E6C5;
			remoteInfo = MoneyTracker;
		};
		4963D7892E4FAB1F00C3E6C5 /* PBXContainerItemProxy */ = {
			isa = PBXContainerItemProxy;
			containerPortal = 4963D7692E4FAB1D00C3E6C5 /* Project object */;
			proxyType = 1;
			remoteGlobalIDString = 4963D7702E4FAB1D00C3E6C5;
			remoteInfo = MoneyTracker;
		};
		49E7805F2EEDBF32007D546D /* PBXContainerItemProxy */ = {
			isa = PBXContainerItemProxy;
			containerPortal = 4963D7692E4FAB1D00C3E6C5 /* Project object */;
			proxyType = 1;
			remoteGlobalIDString = 49E780512EEDBF30007D546D;
			remoteInfo = MoneyTrackerDesktop;
		};
		49E780692EEDBF32007D546D /* PBXContainerItemProxy */ = {
			isa = PBXContainerItemProxy;
			containerPortal = 4963D7692E4FAB1D00C3E6C5 /* Project object */;
			proxyType = 1;
			remoteGlobalIDString = 49E780512EEDBF30007D546D;
			remoteInfo = MoneyTrackerDesktop;
		};
/* End PBXContainerItemProxy section */

/* Begin PBXFileReference section */
		4963D7712E4FAB1D00C3E6C5 /* MoneyTracker.app */ = {isa = PBXFileReference; explicitFileType = wrapper.application; includeInIndex = 0; path = MoneyTracker.app; sourceTree = BUILT_PRODUCTS_DIR; };
		4963D77E2E4FAB1F00C3E6C5 /* MoneyTrackerTests.xctest */ = {isa = PBXFileReference; explicitFileType = wrapper.cfbundle; includeInIndex = 0; path = MoneyTrackerTests.xctest; sourceTree = BUILT_PRODUCTS_DIR; };
		4963D7882E4FAB1F00C3E6C5 /* MoneyTrackerUITests.xctest */ = {isa = PBXFileReference; explicitFileType = wrapper.cfbundle; includeInIndex = 0; path = MoneyTrackerUITests.xctest; sourceTree = BUILT_PRODUCTS_DIR; };
		49E37CFB2EE6092E00B1BF1D /* RIMOZIONE_MOCK_COMPLETATA.md */ = {isa = PBXFileReference; lastKnownFileType = net.daringfireball.markdown; path = RIMOZIONE_MOCK_COMPLETATA.md; sourceTree = "<group>"; };
		49E780522EEDBF30007D546D /* MoneyTrackerDesktop.app */ = {isa = PBXFileReference; explicitFileType = wrapper.application; includeInIndex = 0; path = MoneyTrackerDesktop.app; sourceTree = BUILT_PRODUCTS_DIR; };
		49E7805E2EEDBF32007D546D /* MoneyTrackerDesktopTests.xctest */ = {isa = PBXFileReference; explicitFileType = wrapper.cfbundle; includeInIndex = 0; path = MoneyTrackerDesktopTests.xctest; sourceTree = BUILT_PRODUCTS_DIR; };
		49E780682EEDBF32007D546D /* MoneyTrackerDesktopUITests.xctest */ = {isa = PBXFileReference; explicitFileType = wrapper.cfbundle; includeInIndex = 0; path = MoneyTrackerDesktopUITests.xctest; sourceTree = BUILT_PRODUCTS_DIR; };
/* End PBXFileReference section */

/* Begin PBXFileSystemSynchronizedBuildFileExceptionSet section */
		49E7807A2EEDC215007D546D /* Exceptions for "MoneyTracker" folder in "MoneyTrackerDesktop" target */ = {
			isa = PBXFileSystemSynchronizedBuildFileExceptionSet;
			membershipExceptions = (
				AddExpenseView.swift,
				Assets.xcassets,
				BPERBankExtractor.swift,
				BPERBankTransformer.swift,
				BankETLPipeline.swift,
				BankETLProtocols.swift,
				BankImport.swift,
				BankImportExporter.swift,
				BankImportView.swift,
				BankImportViewModel.swift,
				BankTransaction.swift,
				CategoryResolver.swift,
				ColorExtension.swift,
				ContentView.swift,
				DEBUG_CRASH_BUILD.md,
				DefaultBankTransformer.swift,
				DefaultBankValidator.swift,
				ExpenseListView.swift,
				ExportImportManager.swift,
				FIX_PREVIEW_CRASH.md,
				FIX_PREVIEW_ENVIRONMENTOBJECT.md,
				GRAFICI_STATISTICHE_IMPLEMENTATI.md,
				GUIDA_DIRECTORY_iOS.md,
				IMPLEMENTAZIONE_COMPLETATA.md,
				Models/CategoriaSpesa.swift,
				MoneyTrackerApp.swift,
				PersistenceManager.swift,
				README.md,
				SettingsView.swift,
				StatisticsView.swift,
				VEDI_TUTTO_IMPLEMENTATO.md,
				ViewModels/ExpenseManager.swift,
				Views/Components/CategoriesSection.swift,
				Views/Components/CategoryRow.swift,
				Views/Components/SummaryCard.swift,
				Views/Components/SummaryCardsGrid.swift,
				Views/Home/ActivityViewController.swift,
				Views/Home/AddExpenseButton.swift,
				Views/Home/ARCHITETTURA_EXPORT_IMPORT.md,
				Views/Home/COMPILATION_CHECKLIST.md,
				Views/Home/DocumentPicker.swift,
				Views/Home/EXPORT_IMPORT_COMPLETATO.md,
				Views/Home/EXPORT_IMPORT_GUIDE.md,
				Views/Home/FIX_COMPILATION_ERRORS.md,
				Views/Home/HeaderCard.swift,
				Views/Home/HomeView.swift,
				Views/Home/ImportExportAlert.swift,
				Views/Home/RIEPILOGO_FINALE_EXPORT_IMPORT.md,
				Views/Home/TEST_EXPORT_IMPORT.md,
				Views/Home/test_import_example.json,
				XLSXBankExtractor.swift,
			);
			target = 49E780512EEDBF30007D546D /* MoneyTrackerDesktop */;
		};
/* End PBXFileSystemSynchronizedBuildFileExceptionSet section */

/* Begin PBXFileSystemSynchronizedRootGroup section */
		4963D7732E4FAB1D00C3E6C5 /* MoneyTracker */ = {
			isa = PBXFileSystemSynchronizedRootGroup;
			exceptions = (
				49E7807A2EEDC215007D546D /* Exceptions for "MoneyTracker" folder in "MoneyTrackerDesktop" target */,
			);
			path = MoneyTracker;
			sourceTree = "<group>";
		};
		4963D7812E4FAB1F00C3E6C5 /* MoneyTrackerTests */ = {
			isa = PBXFileSystemSynchronizedRootGroup;
			path = MoneyTrackerTests;
			sourceTree = "<group>";
		};
		4963D78B2E4FAB1F00C3E6C5 /* MoneyTrackerUITests */ = {
			isa = PBXFileSystemSynchronizedRootGroup;
			path = MoneyTrackerUITests;
			sourceTree = "<group>";
		};
		49E780282EEDBDC1007D546D /* MoneyTrackerDesktop */ = {
			isa = PBXFileSystemSynchronizedRootGroup;
			path = MoneyTrackerDesktop;
			sourceTree = "<group>";
		};
		49E780362EEDBDC2007D546D /* MoneyTrackerDesktopTests */ = {
			isa = PBXFileSystemSynchronizedRootGroup;
			path = MoneyTrackerDesktopTests;
			sourceTree = "<group>";
		};
		49E780402EEDBDC2007D546D /* MoneyTrackerDesktopUITests */ = {
			isa = PBXFileSystemSynchronizedRootGroup;
			path = MoneyTrackerDesktopUITests;
			sourceTree = "<group>";
		};
		49E780532EEDBF30007D546D /* MoneyTrackerDesktop */ = {
			isa = PBXFileSystemSynchronizedRootGroup;
			path = MoneyTrackerDesktop;
			sourceTree = "<group>";
		};
		49E780612EEDBF32007D546D /* MoneyTrackerDesktopTests */ = {
			isa = PBXFileSystemSynchronizedRootGroup;
			path = MoneyTrackerDesktopTests;
			sourceTree = "<group>";
		};
		49E7806B2EEDBF32007D546D /* MoneyTrackerDesktopUITests */ = {
			isa = PBXFileSystemSynchronizedRootGroup;
			path = MoneyTrackerDesktopUITests;
			sourceTree = "<group>";
		};
/* End PBXFileSystemSynchronizedRootGroup section */

/* Begin PBXFrameworksBuildPhase section */
		4963D76E2E4FAB1D00C3E6C5 /* Frameworks */ = {
			isa = PBXFrameworksBuildPhase;
			buildActionMask = 2147483647;
			files = (
			);
			runOnlyForDeploymentPostprocessing = 0;
		};
		4963D77B2E4FAB1F00C3E6C5 /* Frameworks */ = {
			isa = PBXFrameworksBuildPhase;
			buildActionMask = 2147483647;
			files = (
			);
			runOnlyForDeploymentPostprocessing = 0;
		};
		4963D7852E4FAB1F00C3E6C5 /* Frameworks */ = {
			isa = PBXFrameworksBuildPhase;
			buildActionMask = 2147483647;
			files = (
			);
			runOnlyForDeploymentPostprocessing = 0;
		};
		49E7804F2EEDBF30007D546D /* Frameworks */ = {
			isa = PBXFrameworksBuildPhase;
			buildActionMask = 2147483647;
			files = (
			);
			runOnlyForDeploymentPostprocessing = 0;
		};
		49E7805B2EEDBF32007D546D /* Frameworks */ = {
			isa = PBXFrameworksBuildPhase;
			buildActionMask = 2147483647;
			files = (
			);
			runOnlyForDeploymentPostprocessing = 0;
		};
		49E780652EEDBF32007D546D /* Frameworks */ = {
			isa = PBXFrameworksBuildPhase;
			buildActionMask = 2147483647;
			files = (
			);
			runOnlyForDeploymentPostprocessing = 0;
		};
/* End PBXFrameworksBuildPhase section */

/* Begin PBXGroup section */
		4963D7682E4FAB1D00C3E6C5 = {
			isa = PBXGroup;
			children = (
				4963D7732E4FAB1D00C3E6C5 /* MoneyTracker */,
				4963D7812E4FAB1F00C3E6C5 /* MoneyTrackerTests */,
				4963D78B2E4FAB1F00C3E6C5 /* MoneyTrackerUITests */,
				49E780282EEDBDC1007D546D /* MoneyTrackerDesktop */,
				49E780362EEDBDC2007D546D /* MoneyTrackerDesktopTests */,
				49E780402EEDBDC2007D546D /* MoneyTrackerDesktopUITests */,
				49E780532EEDBF30007D546D /* MoneyTrackerDesktop */,
				49E780612EEDBF32007D546D /* MoneyTrackerDesktopTests */,
				49E7806B2EEDBF32007D546D /* MoneyTrackerDesktopUITests */,
				4963D7722E4FAB1D00C3E6C5 /* Products */,
				49E37CFB2EE6092E00B1BF1D /* RIMOZIONE_MOCK_COMPLETATA.md */,
			);
			sourceTree = "<group>";
		};
		4963D7722E4FAB1D00C3E6C5 /* Products */ = {
			isa = PBXGroup;
			children = (
				4963D7712E4FAB1D00C3E6C5 /* MoneyTracker.app */,
				4963D77E2E4FAB1F00C3E6C5 /* MoneyTrackerTests.xctest */,
				4963D7882E4FAB1F00C3E6C5 /* MoneyTrackerUITests.xctest */,
				49E780522EEDBF30007D546D /* MoneyTrackerDesktop.app */,
				49E7805E2EEDBF32007D546D /* MoneyTrackerDesktopTests.xctest */,
				49E780682EEDBF32007D546D /* MoneyTrackerDesktopUITests.xctest */,
			);
			name = Products;
			sourceTree = "<group>";
		};
/* End PBXGroup section */

/* Begin PBXNativeTarget section */
		4963D7702E4FAB1D00C3E6C5 /* MoneyTracker */ = {
			isa = PBXNativeTarget;
			buildConfigurationList = 4963D7922E4FAB1F00C3E6C5 /* Build configuration list for PBXNativeTarget "MoneyTracker" */;
			buildPhases = (
				4963D76D2E4FAB1D00C3E6C5 /* Sources */,
				4963D76E2E4FAB1D00C3E6C5 /* Frameworks */,
				4963D76F2E4FAB1D00C3E6C5 /* Resources */,
			);
			buildRules = (
			);
			dependencies = (
			);
			fileSystemSynchronizedGroups = (
				4963D7732E4FAB1D00C3E6C5 /* MoneyTracker */,
			);
			name = MoneyTracker;
			packageProductDependencies = (
			);
			productName = MoneyTracker;
			productReference = 4963D7712E4FAB1D00C3E6C5 /* MoneyTracker.app */;
			productType = "com.apple.product-type.application";
		};
		4963D77D2E4FAB1F00C3E6C5 /* MoneyTrackerTests */ = {
			isa = PBXNativeTarget;
			buildConfigurationList = 4963D7952E4FAB1F00C3E6C5 /* Build configuration list for PBXNativeTarget "MoneyTrackerTests" */;
			buildPhases = (
				4963D77A2E4FAB1F00C3E6C5 /* Sources */,
				4963D77B2E4FAB1F00C3E6C5 /* Frameworks */,
				4963D77C2E4FAB1F00C3E6C5 /* Resources */,
			);
			buildRules = (
			);
			dependencies = (
				4963D7802E4FAB1F00C3E6C5 /* PBXTargetDependency */,
			);
			fileSystemSynchronizedGroups = (
				4963D7812E4FAB1F00C3E6C5 /* MoneyTrackerTests */,
			);
			name = MoneyTrackerTests;
			packageProductDependencies = (
			);
			productName = MoneyTrackerTests;
			productReference = 4963D77E2E4FAB1F00C3E6C5 /* MoneyTrackerTests.xctest */;
			productType = "com.apple.product-type.bundle.unit-test";
		};
		4963D7872E4FAB1F00C3E6C5 /* MoneyTrackerUITests */ = {
			isa = PBXNativeTarget;
			buildConfigurationList = 4963D7982E4FAB1F00C3E6C5 /* Build configuration list for PBXNativeTarget "MoneyTrackerUITests" */;
			buildPhases = (
				4963D7842E4FAB1F00C3E6C5 /* Sources */,
				4963D7852E4FAB1F00C3E6C5 /* Frameworks */,
				4963D7862E4FAB1F00C3E6C5 /* Resources */,
			);
			buildRules = (
			);
			dependencies = (
				4963D78A2E4FAB1F00C3E6C5 /* PBXTargetDependency */,
			);
			fileSystemSynchronizedGroups = (
				4963D78B2E4FAB1F00C3E6C5 /* MoneyTrackerUITests */,
			);
			name = MoneyTrackerUITests;
			packageProductDependencies = (
			);
			productName = MoneyTrackerUITests;
			productReference = 4963D7882E4FAB1F00C3E6C5 /* MoneyTrackerUITests.xctest */;
			productType = "com.apple.product-type.bundle.ui-testing";
		};
		49E780512EEDBF30007D546D /* MoneyTrackerDesktop */ = {
			isa = PBXNativeTarget;
			buildConfigurationList = 49E780702EEDBF32007D546D /* Build configuration list for PBXNativeTarget "MoneyTrackerDesktop" */;
			buildPhases = (
				49E7804E2EEDBF30007D546D /* Sources */,
				49E7804F2EEDBF30007D546D /* Frameworks */,
				49E780502EEDBF30007D546D /* Resources */,
			);
			buildRules = (
			);
			dependencies = (
			);
			fileSystemSynchronizedGroups = (
				49E780532EEDBF30007D546D /* MoneyTrackerDesktop */,
			);
			name = MoneyTrackerDesktop;
			packageProductDependencies = (
			);
			productName = MoneyTrackerDesktop;
			productReference = 49E780522EEDBF30007D546D /* MoneyTrackerDesktop.app */;
			productType = "com.apple.product-type.application";
		};
		49E7805D2EEDBF32007D546D /* MoneyTrackerDesktopTests */ = {
			isa = PBXNativeTarget;
			buildConfigurationList = 49E780732EEDBF32007D546D /* Build configuration list for PBXNativeTarget "MoneyTrackerDesktopTests" */;
			buildPhases = (
				49E7805A2EEDBF32007D546D /* Sources */,
				49E7805B2EEDBF32007D546D /* Frameworks */,
				49E7805C2EEDBF32007D546D /* Resources */,
			);
			buildRules = (
			);
			dependencies = (
				49E780602EEDBF32007D546D /* PBXTargetDependency */,
			);
			fileSystemSynchronizedGroups = (
				49E780612EEDBF32007D546D /* MoneyTrackerDesktopTests */,
			);
			name = MoneyTrackerDesktopTests;
			packageProductDependencies = (
			);
			productName = MoneyTrackerDesktopTests;
			productReference = 49E7805E2EEDBF32007D546D /* MoneyTrackerDesktopTests.xctest */;
			productType = "com.apple.product-type.bundle.unit-test";
		};
		49E780672EEDBF32007D546D /* MoneyTrackerDesktopUITests */ = {
			isa = PBXNativeTarget;
			buildConfigurationList = 49E780762EEDBF32007D546D /* Build configuration list for PBXNativeTarget "MoneyTrackerDesktopUITests" */;
			buildPhases = (
				49E780642EEDBF32007D546D /* Sources */,
				49E780652EEDBF32007D546D /* Frameworks */,
				49E780662EEDBF32007D546D /* Resources */,
			);
			buildRules = (
			);
			dependencies = (
				49E7806A2EEDBF32007D546D /* PBXTargetDependency */,
			);
			fileSystemSynchronizedGroups = (
				49E7806B2EEDBF32007D546D /* MoneyTrackerDesktopUITests */,
			);
			name = MoneyTrackerDesktopUITests;
			packageProductDependencies = (
			);
			productName = MoneyTrackerDesktopUITests;
			productReference = 49E780682EEDBF32007D546D /* MoneyTrackerDesktopUITests.xctest */;
			productType = "com.apple.product-type.bundle.ui-testing";
		};
/* End PBXNativeTarget section */

/* Begin PBXProject section */
		4963D7692E4FAB1D00C3E6C5 /* Project object */ = {
			isa = PBXProject;
			attributes = {
				BuildIndependentTargetsInParallel = 1;
				LastSwiftUpdateCheck = 2620;
				LastUpgradeCheck = 2610;
				TargetAttributes = {
					4963D7702E4FAB1D00C3E6C5 = {
						CreatedOnToolsVersion = 16.4;
					};
					4963D77D2E4FAB1F00C3E6C5 = {
						CreatedOnToolsVersion = 16.4;
						TestTargetID = 4963D7702E4FAB1D00C3E6C5;
					};
					4963D7872E4FAB1F00C3E6C5 = {
						CreatedOnToolsVersion = 16.4;
						TestTargetID = 4963D7702E4FAB1D00C3E6C5;
					};
					49E780512EEDBF30007D546D = {
						CreatedOnToolsVersion = 26.2;
					};
					49E7805D2EEDBF32007D546D = {
						CreatedOnToolsVersion = 26.2;
						TestTargetID = 49E780512EEDBF30007D546D;
					};
					49E780672EEDBF32007D546D = {
						CreatedOnToolsVersion = 26.2;
						TestTargetID = 49E780512EEDBF30007D546D;
					};
				};
			};
			buildConfigurationList = 4963D76C2E4FAB1D00C3E6C5 /* Build configuration list for PBXProject "MoneyTracker" */;
			developmentRegion = en;
			hasScannedForEncodings = 0;
			knownRegions = (
				en,
				Base,
			);
			mainGroup = 4963D7682E4FAB1D00C3E6C5;
			minimizedProjectReferenceProxies = 1;
			preferredProjectObjectVersion = 77;
			productRefGroup = 4963D7722E4FAB1D00C3E6C5 /* Products */;
			projectDirPath = "";
			projectRoot = "";
			targets = (
				4963D7702E4FAB1D00C3E6C5 /* MoneyTracker */,
				4963D77D2E4FAB1F00C3E6C5 /* MoneyTrackerTests */,
				4963D7872E4FAB1F00C3E6C5 /* MoneyTrackerUITests */,
				49E780512EEDBF30007D546D /* MoneyTrackerDesktop */,
				49E7805D2EEDBF32007D546D /* MoneyTrackerDesktopTests */,
				49E780672EEDBF32007D546D /* MoneyTrackerDesktopUITests */,
			);
		};
/* End PBXProject section */

/* Begin PBXResourcesBuildPhase section */
		4963D76F2E4FAB1D00C3E6C5 /* Resources */ = {
			isa = PBXResourcesBuildPhase;
			buildActionMask = 2147483647;
			files = (
				49E37CFC2EE6092E00B1BF1D /* RIMOZIONE_MOCK_COMPLETATA.md in Resources */,
			);
			runOnlyForDeploymentPostprocessing = 0;
		};
		4963D77C2E4FAB1F00C3E6C5 /* Resources */ = {
			isa = PBXResourcesBuildPhase;
			buildActionMask = 2147483647;
			files = (
			);
			runOnlyForDeploymentPostprocessing = 0;
		};
		4963D7862E4FAB1F00C3E6C5 /* Resources */ = {
			isa = PBXResourcesBuildPhase;
			buildActionMask = 2147483647;
			files = (
			);
			runOnlyForDeploymentPostprocessing = 0;
		};
		49E780502EEDBF30007D546D /* Resources */ = {
			isa = PBXResourcesBuildPhase;
			buildActionMask = 2147483647;
			files = (
			);
			runOnlyForDeploymentPostprocessing = 0;
		};
		49E7805C2EEDBF32007D546D /* Resources */ = {
			isa = PBXResourcesBuildPhase;
			buildActionMask = 2147483647;
			files = (
			);
			runOnlyForDeploymentPostprocessing = 0;
		};
		49E780662EEDBF32007D546D /* Resources */ = {
			isa = PBXResourcesBuildPhase;
			buildActionMask = 2147483647;
			files = (
			);
			runOnlyForDeploymentPostprocessing = 0;
		};
/* End PBXResourcesBuildPhase section */

/* Begin PBXSourcesBuildPhase section */
		4963D76D2E4FAB1D00C3E6C5 /* Sources */ = {
			isa = PBXSourcesBuildPhase;
			buildActionMask = 2147483647;
			files = (
			);
			runOnlyForDeploymentPostprocessing = 0;
		};
		4963D77A2E4FAB1F00C3E6C5 /* Sources */ = {
			isa = PBXSourcesBuildPhase;
			buildActionMask = 2147483647;
			files = (
			);
			runOnlyForDeploymentPostprocessing = 0;
		};
		4963D7842E4FAB1F00C3E6C5 /* Sources */ = {
			isa = PBXSourcesBuildPhase;
			buildActionMask = 2147483647;
			files = (
			);
			runOnlyForDeploymentPostprocessing = 0;
		};
		49E7804E2EEDBF30007D546D /* Sources */ = {
			isa = PBXSourcesBuildPhase;
			buildActionMask = 2147483647;
			files = (
			);
			runOnlyForDeploymentPostprocessing = 0;
		};
		49E7805A2EEDBF32007D546D /* Sources */ = {
			isa = PBXSourcesBuildPhase;
			buildActionMask = 2147483647;
			files = (
			);
			runOnlyForDeploymentPostprocessing = 0;
		};
		49E780642EEDBF32007D546D /* Sources */ = {
			isa = PBXSourcesBuildPhase;
			buildActionMask = 2147483647;
			files = (
			);
			runOnlyForDeploymentPostprocessing = 0;
		};
/* End PBXSourcesBuildPhase section */

/* Begin PBXTargetDependency section */
		4963D7802E4FAB1F00C3E6C5 /* PBXTargetDependency */ = {
			isa = PBXTargetDependency;
			platformFilter = ios;
			target = 4963D7702E4FAB1D00C3E6C5 /* MoneyTracker */;
			targetProxy = 4963D77F2E4FAB1F00C3E6C5 /* PBXContainerItemProxy */;
		};
		4963D78A2E4FAB1F00C3E6C5 /* PBXTargetDependency */ = {
			isa = PBXTargetDependency;
			target = 4963D7702E4FAB1D00C3E6C5 /* MoneyTracker */;
			targetProxy = 4963D7892E4FAB1F00C3E6C5 /* PBXContainerItemProxy */;
		};
		49E780602EEDBF32007D546D /* PBXTargetDependency */ = {
			isa = PBXTargetDependency;
			target = 49E780512EEDBF30007D546D /* MoneyTrackerDesktop */;
			targetProxy = 49E7805F2EEDBF32007D546D /* PBXContainerItemProxy */;
		};
		49E7806A2EEDBF32007D546D /* PBXTargetDependency */ = {
			isa = PBXTargetDependency;
			target = 49E780512EEDBF30007D546D /* MoneyTrackerDesktop */;
			targetProxy = 49E780692EEDBF32007D546D /* PBXContainerItemProxy */;
		};
/* End PBXTargetDependency section */

/* Begin XCBuildConfiguration section */
		4963D7902E4FAB1F00C3E6C5 /* Debug */ = {
			isa = XCBuildConfiguration;
			buildSettings = {
				ALWAYS_SEARCH_USER_PATHS = NO;
				ASSETCATALOG_COMPILER_GENERATE_SWIFT_ASSET_SYMBOL_EXTENSIONS = YES;
				CLANG_ANALYZER_NONNULL = YES;
				CLANG_ANALYZER_NUMBER_OBJECT_CONVERSION = YES_AGGRESSIVE;
				CLANG_CXX_LANGUAGE_STANDARD = "gnu++20";
				CLANG_ENABLE_MODULES = YES;
				CLANG_ENABLE_OBJC_ARC = YES;
				CLANG_ENABLE_OBJC_WEAK = YES;
				CLANG_WARN_BLOCK_CAPTURE_AUTORELEASING = YES;
				CLANG_WARN_BOOL_CONVERSION = YES;
				CLANG_WARN_COMMA = YES;
				CLANG_WARN_CONSTANT_CONVERSION = YES;
				CLANG_WARN_DEPRECATED_OBJC_IMPLEMENTATIONS = YES;
				CLANG_WARN_DIRECT_OBJC_ISA_USAGE = YES_ERROR;
				CLANG_WARN_DOCUMENTATION_COMMENTS = YES;
				CLANG_WARN_EMPTY_BODY = YES;
				CLANG_WARN_ENUM_CONVERSION = YES;
				CLANG_WARN_INFINITE_RECURSION = YES;
				CLANG_WARN_INT_CONVERSION = YES;
				CLANG_WARN_NON_LITERAL_NULL_CONVERSION = YES;
				CLANG_WARN_OBJC_IMPLICIT_RETAIN_SELF = YES;
				CLANG_WARN_OBJC_LITERAL_CONVERSION = YES;
				CLANG_WARN_OBJC_ROOT_CLASS = YES_ERROR;
				CLANG_WARN_QUOTED_INCLUDE_IN_FRAMEWORK_HEADER = YES;
				CLANG_WARN_RANGE_LOOP_ANALYSIS = YES;
				CLANG_WARN_STRICT_PROTOTYPES = YES;
				CLANG_WARN_SUSPICIOUS_MOVE = YES;
				CLANG_WARN_UNGUARDED_AVAILABILITY = YES_AGGRESSIVE;
				CLANG_WARN_UNREACHABLE_CODE = YES;
				CLANG_WARN__DUPLICATE_METHOD_MATCH = YES;
				COPY_PHASE_STRIP = NO;
				DEBUG_INFORMATION_FORMAT = dwarf;
				ENABLE_STRICT_OBJC_MSGSEND = YES;
				ENABLE_TESTABILITY = YES;
				ENABLE_USER_SCRIPT_SANDBOXING = YES;
				GCC_C_LANGUAGE_STANDARD = gnu17;
				GCC_DYNAMIC_NO_PIC = NO;
				GCC_NO_COMMON_BLOCKS = YES;
				GCC_OPTIMIZATION_LEVEL = 0;
				GCC_PREPROCESSOR_DEFINITIONS = (
					"DEBUG=1",
					"$(inherited)",
				);
				GCC_WARN_64_TO_32_BIT_CONVERSION = YES;
				GCC_WARN_ABOUT_RETURN_TYPE = YES_ERROR;
				GCC_WARN_UNDECLARED_SELECTOR = YES;
				GCC_WARN_UNINITIALIZED_AUTOS = YES_AGGRESSIVE;
				GCC_WARN_UNUSED_FUNCTION = YES;
				GCC_WARN_UNUSED_VARIABLE = YES;
				IPHONEOS_DEPLOYMENT_TARGET = 18.5;
				LOCALIZATION_PREFERS_STRING_CATALOGS = YES;
				MTL_ENABLE_DEBUG_INFO = INCLUDE_SOURCE;
				MTL_FAST_MATH = YES;
				ONLY_ACTIVE_ARCH = YES;
				SDKROOT = iphoneos;
				STRING_CATALOG_GENERATE_SYMBOLS = YES;
				SWIFT_ACTIVE_COMPILATION_CONDITIONS = "DEBUG $(inherited)";
				SWIFT_OPTIMIZATION_LEVEL = "-Onone";
			};
			name = Debug;
		};
		4963D7912E4FAB1F00C3E6C5 /* Release */ = {
			isa = XCBuildConfiguration;
			buildSettings = {
				ALWAYS_SEARCH_USER_PATHS = NO;
				ASSETCATALOG_COMPILER_GENERATE_SWIFT_ASSET_SYMBOL_EXTENSIONS = YES;
				CLANG_ANALYZER_NONNULL = YES;
				CLANG_ANALYZER_NUMBER_OBJECT_CONVERSION = YES_AGGRESSIVE;
				CLANG_CXX_LANGUAGE_STANDARD = "gnu++20";
				CLANG_ENABLE_MODULES = YES;
				CLANG_ENABLE_OBJC_ARC = YES;
				CLANG_ENABLE_OBJC_WEAK = YES;
				CLANG_WARN_BLOCK_CAPTURE_AUTORELEASING = YES;
				CLANG_WARN_BOOL_CONVERSION = YES;
				CLANG_WARN_COMMA = YES;
				CLANG_WARN_CONSTANT_CONVERSION = YES;
				CLANG_WARN_DEPRECATED_OBJC_IMPLEMENTATIONS = YES;
				CLANG_WARN_DIRECT_OBJC_ISA_USAGE = YES_ERROR;
				CLANG_WARN_DOCUMENTATION_COMMENTS = YES;
				CLANG_WARN_EMPTY_BODY = YES;
				CLANG_WARN_ENUM_CONVERSION = YES;
				CLANG_WARN_INFINITE_RECURSION = YES;
				CLANG_WARN_INT_CONVERSION = YES;
				CLANG_WARN_NON_LITERAL_NULL_CONVERSION = YES;
				CLANG_WARN_OBJC_IMPLICIT_RETAIN_SELF = YES;
				CLANG_WARN_OBJC_LITERAL_CONVERSION = YES;
				CLANG_WARN_OBJC_ROOT_CLASS = YES_ERROR;
				CLANG_WARN_QUOTED_INCLUDE_IN_FRAMEWORK_HEADER = YES;
				CLANG_WARN_RANGE_LOOP_ANALYSIS = YES;
				CLANG_WARN_STRICT_PROTOTYPES = YES;
				CLANG_WARN_SUSPICIOUS_MOVE = YES;
				CLANG_WARN_UNGUARDED_AVAILABILITY = YES_AGGRESSIVE;
				CLANG_WARN_UNREACHABLE_CODE = YES;
				CLANG_WARN__DUPLICATE_METHOD_MATCH = YES;
				COPY_PHASE_STRIP = NO;
				DEBUG_INFORMATION_FORMAT = "dwarf-with-dsym";
				ENABLE_NS_ASSERTIONS = NO;
				ENABLE_STRICT_OBJC_MSGSEND = YES;
				ENABLE_USER_SCRIPT_SANDBOXING = YES;
				GCC_C_LANGUAGE_STANDARD = gnu17;
				GCC_NO_COMMON_BLOCKS = YES;
				GCC_WARN_64_TO_32_BIT_CONVERSION = YES;
				GCC_WARN_ABOUT_RETURN_TYPE = YES_ERROR;
				GCC_WARN_UNDECLARED_SELECTOR = YES;
				GCC_WARN_UNINITIALIZED_AUTOS = YES_AGGRESSIVE;
				GCC_WARN_UNUSED_FUNCTION = YES;
				GCC_WARN_UNUSED_VARIABLE = YES;
				IPHONEOS_DEPLOYMENT_TARGET = 18.5;
				LOCALIZATION_PREFERS_STRING_CATALOGS = YES;
				MTL_ENABLE_DEBUG_INFO = NO;
				MTL_FAST_MATH = YES;
				SDKROOT = iphoneos;
				STRING_CATALOG_GENERATE_SYMBOLS = YES;
				SWIFT_COMPILATION_MODE = wholemodule;
				VALIDATE_PRODUCT = YES;
			};
			name = Release;
		};
		4963D7932E4FAB1F00C3E6C5 /* Debug */ = {
			isa = XCBuildConfiguration;
			buildSettings = {
				ASSETCATALOG_COMPILER_APPICON_NAME = AppIcon;
				ASSETCATALOG_COMPILER_GLOBAL_ACCENT_COLOR_NAME = AccentColor;
				CODE_SIGN_IDENTITY = "Apple Development";
				CODE_SIGN_STYLE = Automatic;
				CURRENT_PROJECT_VERSION = 1;
				DEVELOPMENT_TEAM = WL4C644YVH;
				ENABLE_APP_SANDBOX = YES;
				ENABLE_HARDENED_RUNTIME = YES;
				ENABLE_OUTGOING_NETWORK_CONNECTIONS = YES;
				ENABLE_PREVIEWS = YES;
				GENERATE_INFOPLIST_FILE = YES;
				INFOPLIST_KEY_CFBundleDisplayName = "Money Tracker";
				INFOPLIST_KEY_UIApplicationSceneManifest_Generation = YES;
				INFOPLIST_KEY_UIApplicationSupportsIndirectInputEvents = YES;
				INFOPLIST_KEY_UILaunchScreen_Generation = YES;
				INFOPLIST_KEY_UISupportedInterfaceOrientations_iPad = "UIInterfaceOrientationPortrait UIInterfaceOrientationPortraitUpsideDown UIInterfaceOrientationLandscapeLeft UIInterfaceOrientationLandscapeRight";
				INFOPLIST_KEY_UISupportedInterfaceOrientations_iPhone = "UIInterfaceOrientationPortrait UIInterfaceOrientationLandscapeLeft UIInterfaceOrientationLandscapeRight";
				LD_RUNPATH_SEARCH_PATHS = (
					"$(inherited)",
					"@executable_path/Frameworks",
				);
				MARKETING_VERSION = 1.0;
				PRODUCT_BUNDLE_IDENTIFIER = app.madd.MoneyTracker;
				PRODUCT_NAME = "$(TARGET_NAME)";
				PROVISIONING_PROFILE_SPECIFIER = "";
				REGISTER_APP_GROUPS = YES;
				SUPPORTED_PLATFORMS = "iphoneos iphonesimulator";
				SUPPORTS_MACCATALYST = NO;
				SWIFT_EMIT_LOC_STRINGS = YES;
				SWIFT_VERSION = 5.0;
				TARGETED_DEVICE_FAMILY = "1,2";
			};
			name = Debug;
		};
		4963D7942E4FAB1F00C3E6C5 /* Release */ = {
			isa = XCBuildConfiguration;
			buildSettings = {
				ASSETCATALOG_COMPILER_APPICON_NAME = AppIcon;
				ASSETCATALOG_COMPILER_GLOBAL_ACCENT_COLOR_NAME = AccentColor;
				CODE_SIGN_IDENTITY = "Apple Development";
				CODE_SIGN_STYLE = Automatic;
				CURRENT_PROJECT_VERSION = 1;
				DEVELOPMENT_TEAM = WL4C644YVH;
				ENABLE_APP_SANDBOX = YES;
				ENABLE_HARDENED_RUNTIME = YES;
				ENABLE_OUTGOING_NETWORK_CONNECTIONS = YES;
				ENABLE_PREVIEWS = YES;
				GENERATE_INFOPLIST_FILE = YES;
				INFOPLIST_KEY_CFBundleDisplayName = "Money Tracker";
				INFOPLIST_KEY_UIApplicationSceneManifest_Generation = YES;
				INFOPLIST_KEY_UIApplicationSupportsIndirectInputEvents = YES;
				INFOPLIST_KEY_UILaunchScreen_Generation = YES;
				INFOPLIST_KEY_UISupportedInterfaceOrientations_iPad = "UIInterfaceOrientationPortrait UIInterfaceOrientationPortraitUpsideDown UIInterfaceOrientationLandscapeLeft UIInterfaceOrientationLandscapeRight";
				INFOPLIST_KEY_UISupportedInterfaceOrientations_iPhone = "UIInterfaceOrientationPortrait UIInterfaceOrientationLandscapeLeft UIInterfaceOrientationLandscapeRight";
				LD_RUNPATH_SEARCH_PATHS = (
					"$(inherited)",
					"@executable_path/Frameworks",
				);
				MARKETING_VERSION = 1.0;
				PRODUCT_BUNDLE_IDENTIFIER = app.madd.MoneyTracker;
				PRODUCT_NAME = "$(TARGET_NAME)";
				PROVISIONING_PROFILE_SPECIFIER = "";
				REGISTER_APP_GROUPS = YES;
				SUPPORTED_PLATFORMS = "iphoneos iphonesimulator";
				SUPPORTS_MACCATALYST = NO;
				SWIFT_EMIT_LOC_STRINGS = YES;
				SWIFT_VERSION = 5.0;
				TARGETED_DEVICE_FAMILY = "1,2";
			};
			name = Release;
		};
		4963D7962E4FAB1F00C3E6C5 /* Debug */ = {
			isa = XCBuildConfiguration;
			buildSettings = {
				BUNDLE_LOADER = "$(TEST_HOST)";
				"CODE_SIGN_IDENTITY[sdk=macosx*]" = "Apple Development";
				CODE_SIGN_STYLE = Automatic;
				CURRENT_PROJECT_VERSION = 1;
				DEVELOPMENT_TEAM = WL4C644YVH;
				GENERATE_INFOPLIST_FILE = YES;
				IPHONEOS_DEPLOYMENT_TARGET = 18.5;
				MARKETING_VERSION = 1.0;
				PRODUCT_BUNDLE_IDENTIFIER = app.madd.MoneyTrackerTests;
				PRODUCT_NAME = "$(TARGET_NAME)";
				SUPPORTED_PLATFORMS = "iphoneos iphonesimulator";
				SUPPORTS_MACCATALYST = YES;
				SWIFT_EMIT_LOC_STRINGS = NO;
				SWIFT_VERSION = 5.0;
				TARGETED_DEVICE_FAMILY = "1,2";
				TEST_HOST = "$(BUILT_PRODUCTS_DIR)/MoneyTracker.app/$(BUNDLE_EXECUTABLE_FOLDER_PATH)/MoneyTracker";
			};
			name = Debug;
		};
		4963D7972E4FAB1F00C3E6C5 /* Release */ = {
			isa = XCBuildConfiguration;
			buildSettings = {
				BUNDLE_LOADER = "$(TEST_HOST)";
				"CODE_SIGN_IDENTITY[sdk=macosx*]" = "Apple Development";
				CODE_SIGN_STYLE = Automatic;
				CURRENT_PROJECT_VERSION = 1;
				DEVELOPMENT_TEAM = WL4C644YVH;
				GENERATE_INFOPLIST_FILE = YES;
				IPHONEOS_DEPLOYMENT_TARGET = 18.5;
				MARKETING_VERSION = 1.0;
				PRODUCT_BUNDLE_IDENTIFIER = app.madd.MoneyTrackerTests;
				PRODUCT_NAME = "$(TARGET_NAME)";
				SUPPORTED_PLATFORMS = "iphoneos iphonesimulator";
				SUPPORTS_MACCATALYST = YES;
				SWIFT_EMIT_LOC_STRINGS = NO;
				SWIFT_VERSION = 5.0;
				TARGETED_DEVICE_FAMILY = "1,2";
				TEST_HOST = "$(BUILT_PRODUCTS_DIR)/MoneyTracker.app/$(BUNDLE_EXECUTABLE_FOLDER_PATH)/MoneyTracker";
			};
			name = Release;
		};
		4963D7992E4FAB1F00C3E6C5 /* Debug */ = {
			isa = XCBuildConfiguration;
			buildSettings = {
				CODE_SIGN_STYLE = Automatic;
				CURRENT_PROJECT_VERSION = 1;
				GENERATE_INFOPLIST_FILE = YES;
				MARKETING_VERSION = 1.0;
				PRODUCT_BUNDLE_IDENTIFIER = app.madd.MoneyTrackerUITests;
				PRODUCT_NAME = "$(TARGET_NAME)";
				SWIFT_EMIT_LOC_STRINGS = NO;
				SWIFT_VERSION = 5.0;
				TARGETED_DEVICE_FAMILY = "1,2";
				TEST_TARGET_NAME = MoneyTracker;
			};
			name = Debug;
		};
		4963D79A2E4FAB1F00C3E6C5 /* Release */ = {
			isa = XCBuildConfiguration;
			buildSettings = {
				CODE_SIGN_STYLE = Automatic;
				CURRENT_PROJECT_VERSION = 1;
				GENERATE_INFOPLIST_FILE = YES;
				MARKETING_VERSION = 1.0;
				PRODUCT_BUNDLE_IDENTIFIER = app.madd.MoneyTrackerUITests;
				PRODUCT_NAME = "$(TARGET_NAME)";
				SWIFT_EMIT_LOC_STRINGS = NO;
				SWIFT_VERSION = 5.0;
				TARGETED_DEVICE_FAMILY = "1,2";
				TEST_TARGET_NAME = MoneyTracker;
			};
			name = Release;
		};
		49E780712EEDBF32007D546D /* Debug */ = {
			isa = XCBuildConfiguration;
			buildSettings = {
				ASSETCATALOG_COMPILER_APPICON_NAME = AppIcon;
				ASSETCATALOG_COMPILER_GLOBAL_ACCENT_COLOR_NAME = AccentColor;
				CODE_SIGN_STYLE = Automatic;
				COMBINE_HIDPI_IMAGES = YES;
				CURRENT_PROJECT_VERSION = 1;
				DEVELOPMENT_TEAM = WL4C644YVH;
				ENABLE_APP_SANDBOX = YES;
				ENABLE_HARDENED_RUNTIME = YES;
				ENABLE_PREVIEWS = YES;
				ENABLE_USER_SELECTED_FILES = readonly;
				GENERATE_INFOPLIST_FILE = YES;
				INFOPLIST_KEY_NSHumanReadableCopyright = "";
				LD_RUNPATH_SEARCH_PATHS = (
					"$(inherited)",
					"@executable_path/../Frameworks",
				);
				MACOSX_DEPLOYMENT_TARGET = 26.1;
				MARKETING_VERSION = 1.0;
				PRODUCT_BUNDLE_IDENTIFIER = app.madd.MoneyTrackerDesktop;
				PRODUCT_NAME = "$(TARGET_NAME)";
				REGISTER_APP_GROUPS = YES;
				SDKROOT = macosx;
				STRING_CATALOG_GENERATE_SYMBOLS = YES;
				SWIFT_APPROACHABLE_CONCURRENCY = YES;
				SWIFT_DEFAULT_ACTOR_ISOLATION = MainActor;
				SWIFT_EMIT_LOC_STRINGS = NO;
				SWIFT_UPCOMING_FEATURE_MEMBER_IMPORT_VISIBILITY = YES;
				SWIFT_VERSION = 5.0;
			};
			name = Debug;
		};
		49E780722EEDBF32007D546D /* Release */ = {
			isa = XCBuildConfiguration;
			buildSettings = {
				ASSETCATALOG_COMPILER_APPICON_NAME = AppIcon;
				ASSETCATALOG_COMPILER_GLOBAL_ACCENT_COLOR_NAME = AccentColor;
				CODE_SIGN_STYLE = Automatic;
				COMBINE_HIDPI_IMAGES = YES;
				CURRENT_PROJECT_VERSION = 1;
				DEVELOPMENT_TEAM = WL4C644YVH;
				ENABLE_APP_SANDBOX = YES;
				ENABLE_HARDENED_RUNTIME = YES;
				ENABLE_PREVIEWS = YES;
				ENABLE_USER_SELECTED_FILES = readonly;
				GENERATE_INFOPLIST_FILE = YES;
				INFOPLIST_KEY_NSHumanReadableCopyright = "";
				LD_RUNPATH_SEARCH_PATHS = (
					"$(inherited)",
					"@executable_path/../Frameworks",
				);
				MACOSX_DEPLOYMENT_TARGET = 26.1;
				MARKETING_VERSION = 1.0;
				ONLY_ACTIVE_ARCH = YES;
				PRODUCT_BUNDLE_IDENTIFIER = app.madd.MoneyTrackerDesktop;
				PRODUCT_NAME = "$(TARGET_NAME)";
				REGISTER_APP_GROUPS = YES;
				SDKROOT = macosx;
				STRING_CATALOG_GENERATE_SYMBOLS = YES;
				SWIFT_APPROACHABLE_CONCURRENCY = YES;
				SWIFT_DEFAULT_ACTOR_ISOLATION = MainActor;
				SWIFT_EMIT_LOC_STRINGS = NO;
				SWIFT_UPCOMING_FEATURE_MEMBER_IMPORT_VISIBILITY = YES;
				SWIFT_VERSION = 5.0;
			};
			name = Release;
		};
		49E780742EEDBF32007D546D /* Debug */ = {
			isa = XCBuildConfiguration;
			buildSettings = {
				BUNDLE_LOADER = "$(TEST_HOST)";
				CODE_SIGN_STYLE = Automatic;
				CURRENT_PROJECT_VERSION = 1;
				DEVELOPMENT_TEAM = WL4C644YVH;
				GENERATE_INFOPLIST_FILE = YES;
				MACOSX_DEPLOYMENT_TARGET = 26.1;
				MARKETING_VERSION = 1.0;
				PRODUCT_BUNDLE_IDENTIFIER = app.madd.MoneyTrackerDesktopTests;
				PRODUCT_NAME = "$(TARGET_NAME)";
				SDKROOT = macosx;
				STRING_CATALOG_GENERATE_SYMBOLS = NO;
				SWIFT_APPROACHABLE_CONCURRENCY = YES;
				SWIFT_EMIT_LOC_STRINGS = NO;
				SWIFT_UPCOMING_FEATURE_MEMBER_IMPORT_VISIBILITY = YES;
				SWIFT_VERSION = 5.0;
				TEST_HOST = "$(BUILT_PRODUCTS_DIR)/MoneyTrackerDesktop.app/$(BUNDLE_EXECUTABLE_FOLDER_PATH)/MoneyTrackerDesktop";
			};
			name = Debug;
		};
		49E780752EEDBF32007D546D /* Release */ = {
			isa = XCBuildConfiguration;
			buildSettings = {
				BUNDLE_LOADER = "$(TEST_HOST)";
				CODE_SIGN_STYLE = Automatic;
				CURRENT_PROJECT_VERSION = 1;
				DEVELOPMENT_TEAM = WL4C644YVH;
				GENERATE_INFOPLIST_FILE = YES;
				MACOSX_DEPLOYMENT_TARGET = 26.1;
				MARKETING_VERSION = 1.0;
				PRODUCT_BUNDLE_IDENTIFIER = app.madd.MoneyTrackerDesktopTests;
				PRODUCT_NAME = "$(TARGET_NAME)";
				SDKROOT = macosx;
				STRING_CATALOG_GENERATE_SYMBOLS = NO;
				SWIFT_APPROACHABLE_CONCURRENCY = YES;
				SWIFT_EMIT_LOC_STRINGS = NO;
				SWIFT_UPCOMING_FEATURE_MEMBER_IMPORT_VISIBILITY = YES;
				SWIFT_VERSION = 5.0;
				TEST_HOST = "$(BUILT_PRODUCTS_DIR)/MoneyTrackerDesktop.app/$(BUNDLE_EXECUTABLE_FOLDER_PATH)/MoneyTrackerDesktop";
			};
			name = Release;
		};
		49E780772EEDBF32007D546D /* Debug */ = {
			isa = XCBuildConfiguration;
			buildSettings = {
				CODE_SIGN_STYLE = Automatic;
				CURRENT_PROJECT_VERSION = 1;
				DEVELOPMENT_TEAM = WL4C644YVH;
				GENERATE_INFOPLIST_FILE = YES;
				MACOSX_DEPLOYMENT_TARGET = 26.1;
				MARKETING_VERSION = 1.0;
				PRODUCT_BUNDLE_IDENTIFIER = app.madd.MoneyTrackerDesktopUITests;
				PRODUCT_NAME = "$(TARGET_NAME)";
				SDKROOT = macosx;
				STRING_CATALOG_GENERATE_SYMBOLS = NO;
				SWIFT_APPROACHABLE_CONCURRENCY = YES;
				SWIFT_EMIT_LOC_STRINGS = NO;
				SWIFT_UPCOMING_FEATURE_MEMBER_IMPORT_VISIBILITY = YES;
				SWIFT_VERSION = 5.0;
				TEST_TARGET_NAME = MoneyTrackerDesktop;
			};
			name = Debug;
		};
		49E780782EEDBF32007D546D /* Release */ = {
			isa = XCBuildConfiguration;
			buildSettings = {
				CODE_SIGN_STYLE = Automatic;
				CURRENT_PROJECT_VERSION = 1;
				DEVELOPMENT_TEAM = WL4C644YVH;
				GENERATE_INFOPLIST_FILE = YES;
				MACOSX_DEPLOYMENT_TARGET = 26.1;
				MARKETING_VERSION = 1.0;
				PRODUCT_BUNDLE_IDENTIFIER = app.madd.MoneyTrackerDesktopUITests;
				PRODUCT_NAME = "$(TARGET_NAME)";
				SDKROOT = macosx;
				STRING_CATALOG_GENERATE_SYMBOLS = NO;
				SWIFT_APPROACHABLE_CONCURRENCY = YES;
				SWIFT_EMIT_LOC_STRINGS = NO;
				SWIFT_UPCOMING_FEATURE_MEMBER_IMPORT_VISIBILITY = YES;
				SWIFT_VERSION = 5.0;
				TEST_TARGET_NAME = MoneyTrackerDesktop;
			};
			name = Release;
		};
/* End XCBuildConfiguration section */

/* Begin XCConfigurationList section */
		4963D76C2E4FAB1D00C3E6C5 /* Build configuration list for PBXProject "MoneyTracker" */ = {
			isa = XCConfigurationList;
			buildConfigurations = (
				4963D7902E4FAB1F00C3E6C5 /* Debug */,
				4963D7912E4FAB1F00C3E6C5 /* Release */,
			);
			defaultConfigurationIsVisible = 0;
			defaultConfigurationName = Release;
		};
		4963D7922E4FAB1F00C3E6C5 /* Build configuration list for PBXNativeTarget "MoneyTracker" */ = {
			isa = XCConfigurationList;
			buildConfigurations = (
				4963D7932E4FAB1F00C3E6C5 /* Debug */,
				4963D7942E4FAB1F00C3E6C5 /* Release */,
			);
			defaultConfigurationIsVisible = 0;
			defaultConfigurationName = Release;
		};
		4963D7952E4FAB1F00C3E6C5 /* Build configuration list for PBXNativeTarget "MoneyTrackerTests" */ = {
			isa = XCConfigurationList;
			buildConfigurations = (
				4963D7962E4FAB1F00C3E6C5 /* Debug */,
				4963D7972E4FAB1F00C3E6C5 /* Release */,
			);
			defaultConfigurationIsVisible = 0;
			defaultConfigurationName = Release;
		};
		4963D7982E4FAB1F00C3E6C5 /* Build configuration list for PBXNativeTarget "MoneyTrackerUITests" */ = {
			isa = XCConfigurationList;
			buildConfigurations = (
				4963D7992E4FAB1F00C3E6C5 /* Debug */,
				4963D79A2E4FAB1F00C3E6C5 /* Release */,
			);
			defaultConfigurationIsVisible = 0;
			defaultConfigurationName = Release;
		};
		49E780702EEDBF32007D546D /* Build configuration list for PBXNativeTarget "MoneyTrackerDesktop" */ = {
			isa = XCConfigurationList;
			buildConfigurations = (
				49E780712EEDBF32007D546D /* Debug */,
				49E780722EEDBF32007D546D /* Release */,
			);
			defaultConfigurationIsVisible = 0;
			defaultConfigurationName = Release;
		};
		49E780732EEDBF32007D546D /* Build configuration list for PBXNativeTarget "MoneyTrackerDesktopTests" */ = {
			isa = XCConfigurationList;
			buildConfigurations = (
				49E780742EEDBF32007D546D /* Debug */,
				49E780752EEDBF32007D546D /* Release */,
			);
			defaultConfigurationIsVisible = 0;
			defaultConfigurationName = Release;
		};
		49E780762EEDBF32007D546D /* Build configuration list for PBXNativeTarget "MoneyTrackerDesktopUITests" */ = {
			isa = XCConfigurationList;
			buildConfigurations = (
				49E780772EEDBF32007D546D /* Debug */,
				49E780782EEDBF32007D546D /* Release */,
			);
			defaultConfigurationIsVisible = 0;
			defaultConfigurationName = Release;
		};
/* End XCConfigurationList section */
	};
	rootObject = 4963D7692E4FAB1D00C3E6C5 /* Project object */;
}
